
Microsoft Visual Studio Solution File, Format Version 12.00
# Visual Studio Version 17
VisualStudioVersion = 17.3.32929.385
MinimumVisualStudioVersion = 10.0.40219.1
Project("{FAE04EC0-301F-11D3-BF4B-00C04F79EFBC}") = "Hastane_Yonetim_Dotnet_48", "Hastane_Yonetim_Dotnet_48\Hastane_Yonetim_Dotnet_48.csproj", "{0169329B-EE59-4DE0-9D6F-E4DE955A61A2}"
EndProject
Global
	GlobalSection(SolutionConfigurationPlatforms) = preSolution
		Debug|Any CPU = Debug|Any CPU
		Release|Any CPU = Release|Any CPU
	EndGlobalSection
	GlobalSection(ProjectConfigurationPlatforms) = postSolution
		{0169329B-EE59-4DE0-9D6F-E4DE955A61A2}.Debug|Any CPU.ActiveCfg = Debug|Any CPU
		{0169329B-EE59-4DE0-9D6F-E4DE955A61A2}.Debug|Any CPU.Build.0 = Debug|Any CPU
		{0169329B-EE59-4DE0-9D6F-E4DE955A61A2}.Release|Any CPU.ActiveCfg = Release|Any CPU
		{0169329B-EE59-4DE0-9D6F-E4DE955A61A2}.Release|Any CPU.Build.0 = Release|Any CPU
	EndGlobalSection
	GlobalSection(SolutionProperties) = preSolution
		HideSolutionNode = FALSE
	EndGlobalSection
	GlobalSection(ExtensibilityGlobals) = postSolution
		SolutionGuid = {46DF1696-A688-45AF-87E4-1F124674421D}
	EndGlobalSection
EndGlobal
